
Microsoft Visual Studio Solution File, Format Version 12.00
# Visual Studio Version 17
VisualStudioVersion = 17.2.32314.265
MinimumVisualStudioVersion = 10.0.40219.1
Project("{FAE04EC0-301F-11D3-BF4B-00C04F79EFBC}") = "StuuupidGame", "StuuupidGame.csproj", "{FEA82545-A130-410C-BDA6-634231D9AD56}"
EndProject
Global
	GlobalSection(SolutionConfigurationPlatforms) = preSolution
		Debug|Any CPU = Debug|Any CPU
		Release|Any CPU = Release|Any CPU
	EndGlobalSection
	GlobalSection(ProjectConfigurationPlatforms) = postSolution
		{FEA82545-A130-410C-BDA6-634231D9AD56}.Debug|Any CPU.ActiveCfg = Debug|Any CPU
		{FEA82545-A130-410C-BDA6-634231D9AD56}.Debug|Any CPU.Build.0 = Debug|Any CPU
		{FEA82545-A130-410C-BDA6-634231D9AD56}.Release|Any CPU.ActiveCfg = Release|Any CPU
		{FEA82545-A130-410C-BDA6-634231D9AD56}.Release|Any CPU.Build.0 = Release|Any CPU
	EndGlobalSection
	GlobalSection(SolutionProperties) = preSolution
		HideSolutionNode = FALSE
	EndGlobalSection
	GlobalSection(ExtensibilityGlobals) = postSolution
		SolutionGuid = {049F05A1-A0F6-4292-AA55-1073A513505E}
	EndGlobalSection
EndGlobal
